
Microsoft Visual Studio Solution File, Format Version 12.00
# Visual Studio Version 17
VisualStudioVersion = 17.2.32630.192
MinimumVisualStudioVersion = 10.0.40219.1
Project("{8BC9CEB8-8B4A-11D0-8D11-00A0C91BC942}") = "CKorea", "CKorea\CKorea.vcxproj", "{5040546F-6C08-46FA-AF03-0408DB4B6718}"
EndProject
Project("{8BC9CEB8-8B4A-11D0-8D11-00A0C91BC942}") = "Day2", "Day2\Day2.vcxproj", "{BD44E7E8-2F05-4C14-86C0-D78DE41B12CC}"
EndProject
Project("{8BC9CEB8-8B4A-11D0-8D11-00A0C91BC942}") = "Day3", "Day3\Day3.vcxproj", "{52A08C52-9EA7-4A09-B087-88AEC7FE5919}"
EndProject
Project("{8BC9CEB8-8B4A-11D0-8D11-00A0C91BC942}") = "ImageDlg", "ImageDlg\ImageDlg.vcxproj", "{72958677-C511-44A6-B937-ACC5C5B0FFE0}"
EndProject
Project("{8BC9CEB8-8B4A-11D0-8D11-00A0C91BC942}") = "Day4", "Day4\Day4.vcxproj", "{9DA882C6-41E5-4C7D-8E5D-9246B5833549}"
EndProject
Project("{8BC9CEB8-8B4A-11D0-8D11-00A0C91BC942}") = "Day5", "Day5\Day5.vcxproj", "{A1F996DF-C281-468B-96B6-E4C35FE952BD}"
EndProject
Project("{8BC9CEB8-8B4A-11D0-8D11-00A0C91BC942}") = "Piano", "Piano\Piano.vcxproj", "{3931CDD2-3C01-4991-BB5F-1575FAA924F9}"
EndProject
Project("{8BC9CEB8-8B4A-11D0-8D11-00A0C91BC942}") = "Day6", "Day6\Day6.vcxproj", "{EEBD2D3B-265D-4876-8E4C-90AE241E0D9F}"
EndProject
Global
	GlobalSection(SolutionConfigurationPlatforms) = preSolution
		Debug|x64 = Debug|x64
		Debug|x86 = Debug|x86
		Release|x64 = Release|x64
		Release|x86 = Release|x86
	EndGlobalSection
	GlobalSection(ProjectConfigurationPlatforms) = postSolution
		{5040546F-6C08-46FA-AF03-0408DB4B6718}.Debug|x64.ActiveCfg = Debug|x64
		{5040546F-6C08-46FA-AF03-0408DB4B6718}.Debug|x64.Build.0 = Debug|x64
		{5040546F-6C08-46FA-AF03-0408DB4B6718}.Debug|x86.ActiveCfg = Debug|Win32
		{5040546F-6C08-46FA-AF03-0408DB4B6718}.Debug|x86.Build.0 = Debug|Win32
		{5040546F-6C08-46FA-AF03-0408DB4B6718}.Release|x64.ActiveCfg = Release|x64
		{5040546F-6C08-46FA-AF03-0408DB4B6718}.Release|x64.Build.0 = Release|x64
		{5040546F-6C08-46FA-AF03-0408DB4B6718}.Release|x86.ActiveCfg = Release|Win32
		{5040546F-6C08-46FA-AF03-0408DB4B6718}.Release|x86.Build.0 = Release|Win32
		{BD44E7E8-2F05-4C14-86C0-D78DE41B12CC}.Debug|x64.ActiveCfg = Debug|x64
		{BD44E7E8-2F05-4C14-86C0-D78DE41B12CC}.Debug|x64.Build.0 = Debug|x64
		{BD44E7E8-2F05-4C14-86C0-D78DE41B12CC}.Debug|x86.ActiveCfg = Debug|Win32
		{BD44E7E8-2F05-4C14-86C0-D78DE41B12CC}.Debug|x86.Build.0 = Debug|Win32
		{BD44E7E8-2F05-4C14-86C0-D78DE41B12CC}.Release|x64.ActiveCfg = Release|x64
		{BD44E7E8-2F05-4C14-86C0-D78DE41B12CC}.Release|x64.Build.0 = Release|x64
		{BD44E7E8-2F05-4C14-86C0-D78DE41B12CC}.Release|x86.ActiveCfg = Release|Win32
		{BD44E7E8-2F05-4C14-86C0-D78DE41B12CC}.Release|x86.Build.0 = Release|Win32
		{52A08C52-9EA7-4A09-B087-88AEC7FE5919}.Debug|x64.ActiveCfg = Debug|x64
		{52A08C52-9EA7-4A09-B087-88AEC7FE5919}.Debug|x64.Build.0 = Debug|x64
		{52A08C52-9EA7-4A09-B087-88AEC7FE5919}.Debug|x86.ActiveCfg = Debug|Win32
		{52A08C52-9EA7-4A09-B087-88AEC7FE5919}.Debug|x86.Build.0 = Debug|Win32
		{52A08C52-9EA7-4A09-B087-88AEC7FE5919}.Release|x64.ActiveCfg = Release|x64
		{52A08C52-9EA7-4A09-B087-88AEC7FE5919}.Release|x64.Build.0 = Release|x64
		{52A08C52-9EA7-4A09-B087-88AEC7FE5919}.Release|x86.ActiveCfg = Release|Win32
		{52A08C52-9EA7-4A09-B087-88AEC7FE5919}.Release|x86.Build.0 = Release|Win32
		{72958677-C511-44A6-B937-ACC5C5B0FFE0}.Debug|x64.ActiveCfg = Debug|x64
		{72958677-C511-44A6-B937-ACC5C5B0FFE0}.Debug|x64.Build.0 = Debug|x64
		{72958677-C511-44A6-B937-ACC5C5B0FFE0}.Debug|x86.ActiveCfg = Debug|Win32
		{72958677-C511-44A6-B937-ACC5C5B0FFE0}.Debug|x86.Build.0 = Debug|Win32
		{72958677-C511-44A6-B937-ACC5C5B0FFE0}.Release|x64.ActiveCfg = Release|x64
		{72958677-C511-44A6-B937-ACC5C5B0FFE0}.Release|x64.Build.0 = Release|x64
		{72958677-C511-44A6-B937-ACC5C5B0FFE0}.Release|x86.ActiveCfg = Release|Win32
		{72958677-C511-44A6-B937-ACC5C5B0FFE0}.Release|x86.Build.0 = Release|Win32
		{9DA882C6-41E5-4C7D-8E5D-9246B5833549}.Debug|x64.ActiveCfg = Debug|x64
		{9DA882C6-41E5-4C7D-8E5D-9246B5833549}.Debug|x64.Build.0 = Debug|x64
		{9DA882C6-41E5-4C7D-8E5D-9246B5833549}.Debug|x86.ActiveCfg = Debug|Win32
		{9DA882C6-41E5-4C7D-8E5D-9246B5833549}.Debug|x86.Build.0 = Debug|Win32
		{9DA882C6-41E5-4C7D-8E5D-9246B5833549}.Release|x64.ActiveCfg = Release|x64
		{9DA882C6-41E5-4C7D-8E5D-9246B5833549}.Release|x64.Build.0 = Release|x64
		{9DA882C6-41E5-4C7D-8E5D-9246B5833549}.Release|x86.ActiveCfg = Release|Win32
		{9DA882C6-41E5-4C7D-8E5D-9246B5833549}.Release|x86.Build.0 = Release|Win32
		{A1F996DF-C281-468B-96B6-E4C35FE952BD}.Debug|x64.ActiveCfg = Debug|x64
		{A1F996DF-C281-468B-96B6-E4C35FE952BD}.Debug|x64.Build.0 = Debug|x64
		{A1F996DF-C281-468B-96B6-E4C35FE952BD}.Debug|x86.ActiveCfg = Debug|Win32
		{A1F996DF-C281-468B-96B6-E4C35FE952BD}.Debug|x86.Build.0 = Debug|Win32
		{A1F996DF-C281-468B-96B6-E4C35FE952BD}.Release|x64.ActiveCfg = Release|x64
		{A1F996DF-C281-468B-96B6-E4C35FE952BD}.Release|x64.Build.0 = Release|x64
		{A1F996DF-C281-468B-96B6-E4C35FE952BD}.Release|x86.ActiveCfg = Release|Win32
		{A1F996DF-C281-468B-96B6-E4C35FE952BD}.Release|x86.Build.0 = Release|Win32
		{3931CDD2-3C01-4991-BB5F-1575FAA924F9}.Debug|x64.ActiveCfg = Debug|x64
		{3931CDD2-3C01-4991-BB5F-1575FAA924F9}.Debug|x64.Build.0 = Debug|x64
		{3931CDD2-3C01-4991-BB5F-1575FAA924F9}.Debug|x86.ActiveCfg = Debug|Win32
		{3931CDD2-3C01-4991-BB5F-1575FAA924F9}.Debug|x86.Build.0 = Debug|Win32
		{3931CDD2-3C01-4991-BB5F-1575FAA924F9}.Release|x64.ActiveCfg = Release|x64
		{3931CDD2-3C01-4991-BB5F-1575FAA924F9}.Release|x64.Build.0 = Release|x64
		{3931CDD2-3C01-4991-BB5F-1575FAA924F9}.Release|x86.ActiveCfg = Release|Win32
		{3931CDD2-3C01-4991-BB5F-1575FAA924F9}.Release|x86.Build.0 = Release|Win32
		{EEBD2D3B-265D-4876-8E4C-90AE241E0D9F}.Debug|x64.ActiveCfg = Debug|x64
		{EEBD2D3B-265D-4876-8E4C-90AE241E0D9F}.Debug|x64.Build.0 = Debug|x64
		{EEBD2D3B-265D-4876-8E4C-90AE241E0D9F}.Debug|x86.ActiveCfg = Debug|Win32
		{EEBD2D3B-265D-4876-8E4C-90AE241E0D9F}.Debug|x86.Build.0 = Debug|Win32
		{EEBD2D3B-265D-4876-8E4C-90AE241E0D9F}.Release|x64.ActiveCfg = Release|x64
		{EEBD2D3B-265D-4876-8E4C-90AE241E0D9F}.Release|x64.Build.0 = Release|x64
		{EEBD2D3B-265D-4876-8E4C-90AE241E0D9F}.Release|x86.ActiveCfg = Release|Win32
		{EEBD2D3B-265D-4876-8E4C-90AE241E0D9F}.Release|x86.Build.0 = Release|Win32
	EndGlobalSection
	GlobalSection(SolutionProperties) = preSolution
		HideSolutionNode = FALSE
	EndGlobalSection
	GlobalSection(ExtensibilityGlobals) = postSolution
		SolutionGuid = {E76A2BDA-8627-4B13-8311-8AB0417EDC21}
	EndGlobalSection
EndGlobal
